
Microsoft Visual Studio Solution File, Format Version 12.00
# Visual Studio Version 17
VisualStudioVersion = 17.9.34723.18
MinimumVisualStudioVersion = 10.0.40219.1
Project("{FAE04EC0-301F-11D3-BF4B-00C04F79EFBC}") = "EasyApp", "EasyApp\EasyApp.csproj", "{AFFEADD4-A1B7-46DF-B85F-A9DEFBA34ACB}"
EndProject
Global
	GlobalSection(SolutionConfigurationPlatforms) = preSolution
		Debug|Any CPU = Debug|Any CPU
		Release|Any CPU = Release|Any CPU
	EndGlobalSection
	GlobalSection(ProjectConfigurationPlatforms) = postSolution
		{AFFEADD4-A1B7-46DF-B85F-A9DEFBA34ACB}.Debug|Any CPU.ActiveCfg = Debug|Any CPU
		{AFFEADD4-A1B7-46DF-B85F-A9DEFBA34ACB}.Debug|Any CPU.Build.0 = Debug|Any CPU
		{AFFEADD4-A1B7-46DF-B85F-A9DEFBA34ACB}.Release|Any CPU.ActiveCfg = Release|Any CPU
		{AFFEADD4-A1B7-46DF-B85F-A9DEFBA34ACB}.Release|Any CPU.Build.0 = Release|Any CPU
	EndGlobalSection
	GlobalSection(SolutionProperties) = preSolution
		HideSolutionNode = FALSE
	EndGlobalSection
	GlobalSection(ExtensibilityGlobals) = postSolution
		SolutionGuid = {42C7DC20-E740-4488-AB76-9C53D1A8723B}
	EndGlobalSection
EndGlobal
